<?xml version="1.0" encoding="utf-8"?>
<Project ToolsVersion="4.0" xmlns="http://schemas.microsoft.com/developer/msbuild/2003">
  <ItemGroup>
    <Filter Include="Source Files">
      <UniqueIdentifier>{4FC737F1-C7A5-4376-A066-2A32D752A2FF}</UniqueIdentifier>
      <Extensions>cpp;c;cc;cxx;def;odl;idl;hpj;bat;asm;asmx</Extensions>
    </Filter>
    <Filter Include="Header Files">
      <UniqueIdentifier>{93995380-89BD-4b04-88EB-625FBE52EBFB}</UniqueIdentifier>
      <Extensions>h;hpp;hxx;hm;inl;inc;xsd</Extensions>
    </Filter>
    <Filter Include="Resource Files">
      <UniqueIdentifier>{67DA6AB6-F800-4c08-8B7A-83BB121AAD01}</UniqueIdentifier>
      <Extensions>rc;ico;cur;bmp;dlg;rc2;rct;bin;rgs;gif;jpg;jpeg;jpe;resx;tiff;tif;png;wav;mfcribbon-ms</Extensions>
    </Filter>
    <Filter Include="Entities">
      <UniqueIdentifier>{6eb07556-f041-40eb-b205-b96e1f25d9cf}</UniqueIdentifier>
    </Filter>
    <Filter Include="Entities\Prototypes">
      <UniqueIdentifier>{ad0fe895-f54d-4fc3-be76-9dbe3401e10d}</UniqueIdentifier>
    </Filter>
    <Filter Include="Entities\Creatures">
      <UniqueIdentifier>{f65f3f58-6502-4906-b6ff-d5c8cc4d8374}</UniqueIdentifier>
    </Filter>
    <Filter Include="Managers">
      <UniqueIdentifier>{2afe6fae-d71f-469c-8ea9-85a420d874e6}</UniqueIdentifier>
    </Filter>
    <Filter Include="Util">
      <UniqueIdentifier>{ea227335-bc42-4a9d-894d-304c02598784}</UniqueIdentifier>
    </Filter>
  </ItemGroup>
  <ItemGroup>
    <Text Include="ReadMe.txt" />
  </ItemGroup>
  <ItemGroup>
    <ClInclude Include="stdafx.h">
      <Filter>Header Files</Filter>
    </ClInclude>
    <ClInclude Include="targetver.h">
      <Filter>Header Files</Filter>
    </ClInclude>
    <ClInclude Include="Entities.h">
      <Filter>Entities\Prototypes</Filter>
    </ClInclude>
    <ClInclude Include="Human.h">
      <Filter>Entities\Creatures</Filter>
    </ClInclude>
    <ClInclude Include="ConfigurationManager.h">
      <Filter>Managers</Filter>
    </ClInclude>
    <ClInclude Include="dwUtil.h">
      <Filter>Util</Filter>
    </ClInclude>
    <ClInclude Include="SelectionManager.h">
      <Filter>Managers</Filter>
    </ClInclude>
    <ClInclude Include="SelectionMarker.h">
      <Filter>Entities\Prototypes</Filter>
    </ClInclude>
  </ItemGroup>
  <ItemGroup>
    <ClCompile Include="stdafx.cpp">
      <Filter>Source Files</Filter>
    </ClCompile>
    <ClCompile Include="Dark World.cpp">
      <Filter>Source Files</Filter>
    </ClCompile>
    <ClCompile Include="Entities.cpp">
      <Filter>Entities\Prototypes</Filter>
    </ClCompile>
    <ClCompile Include="Human.cpp">
      <Filter>Entities\Creatures</Filter>
    </ClCompile>
    <ClCompile Include="ConfigurationManager.cpp">
      <Filter>Managers</Filter>
    </ClCompile>
    <ClCompile Include="dwUtil.cpp">
      <Filter>Util</Filter>
    </ClCompile>
    <ClCompile Include="SelectionManager.cpp">
      <Filter>Managers</Filter>
    </ClCompile>
    <ClCompile Include="SelectionMarker.cpp">
      <Filter>Entities\Prototypes</Filter>
    </ClCompile>
  </ItemGroup>
</Project>